
Microsoft Visual Studio Solution File, Format Version 12.00
Project("{FAE04EC0-301F-11D3-BF4B-00C04F79EFBC}") = "Dotnet-Mvc", "Dotnet-Mvc\Dotnet-Mvc.csproj", "{989E6DCC-EF39-475E-8548-A916AE95889E}"
EndProject
Global
	GlobalSection(SolutionConfigurationPlatforms) = preSolution
		Debug|Any CPU = Debug|Any CPU
		Release|Any CPU = Release|Any CPU
	EndGlobalSection
	GlobalSection(ProjectConfigurationPlatforms) = postSolution
		{989E6DCC-EF39-475E-8548-A916AE95889E}.Debug|Any CPU.ActiveCfg = Debug|Any CPU
		{989E6DCC-EF39-475E-8548-A916AE95889E}.Debug|Any CPU.Build.0 = Debug|Any CPU
		{989E6DCC-EF39-475E-8548-A916AE95889E}.Release|Any CPU.ActiveCfg = Release|Any CPU
		{989E6DCC-EF39-475E-8548-A916AE95889E}.Release|Any CPU.Build.0 = Release|Any CPU
	EndGlobalSection
EndGlobal
